
Microsoft Visual Studio Solution File, Format Version 12.00
# Visual Studio Version 17
VisualStudioVersion = 17.5.33516.290
MinimumVisualStudioVersion = 10.0.40219.1
Project("{9A19103F-16F7-4668-BE54-9A1E7A4F7556}") = "bus-framework", "libs\bus\bus-framework\bus-framework.csproj", "{E20C0EDE-47FE-4ADC-BD53-61ECC7EC90DB}"
EndProject
Project("{2150E333-8FDC-42A3-9474-1A3956D46DE8}") = "servers", "servers", "{A8CE38B0-F81E-414F-85A2-03D0A4F1CBD9}"
EndProject
Project("{2150E333-8FDC-42A3-9474-1A3956D46DE8}") = "libs", "libs", "{17243635-4EF9-49C6-A892-1373E7027352}"
EndProject
Project("{9A19103F-16F7-4668-BE54-9A1E7A4F7556}") = "admin-server", "servers\admin-server\admin-server.csproj", "{F81F9DAF-C73B-4AE7-A2BF-28D20C3D8871}"
EndProject
Project("{9A19103F-16F7-4668-BE54-9A1E7A4F7556}") = "bus-kafka", "libs\bus\bus-kafka\bus-kafka.csproj", "{5DC7CF92-646E-4F85-86AB-17E205B123BA}"
EndProject
Project("{2150E333-8FDC-42A3-9474-1A3956D46DE8}") = "bus", "bus", "{744DD338-4F47-42CD-A846-8855961354BC}"
EndProject
Project("{2150E333-8FDC-42A3-9474-1A3956D46DE8}") = "gateways", "gateways", "{40DA8215-8AC6-4C50-90A9-55B6D2799C6B}"
EndProject
Project("{FAE04EC0-301F-11D3-BF4B-00C04F79EFBC}") = "rest-gateway", "gateways\rest-gateway\rest-gateway.csproj", "{1F41A977-09C5-4597-BEC5-E625BED26B94}"
EndProject
Project("{FAE04EC0-301F-11D3-BF4B-00C04F79EFBC}") = "fix-gateway", "gateways\fix-gateway\fix-gateway.csproj", "{BCFC1F7B-6161-4CC6-9889-395450427A86}"
EndProject
Project("{2150E333-8FDC-42A3-9474-1A3956D46DE8}") = "common", "common", "{C2C4E9F8-E0FF-4087-9ACA-67F73D73AEFC}"
EndProject
Project("{FAE04EC0-301F-11D3-BF4B-00C04F79EFBC}") = "websocket-gateway", "gateways\websocket-gateway\websocket-gateway.csproj", "{73AD285C-8DB8-4631-AA82-58B91F8A4612}"
EndProject
Global
	GlobalSection(SolutionConfigurationPlatforms) = preSolution
		Debug|Any CPU = Debug|Any CPU
		Release|Any CPU = Release|Any CPU
	EndGlobalSection
	GlobalSection(ProjectConfigurationPlatforms) = postSolution
		{E20C0EDE-47FE-4ADC-BD53-61ECC7EC90DB}.Debug|Any CPU.ActiveCfg = Debug|Any CPU
		{E20C0EDE-47FE-4ADC-BD53-61ECC7EC90DB}.Debug|Any CPU.Build.0 = Debug|Any CPU
		{E20C0EDE-47FE-4ADC-BD53-61ECC7EC90DB}.Release|Any CPU.ActiveCfg = Release|Any CPU
		{E20C0EDE-47FE-4ADC-BD53-61ECC7EC90DB}.Release|Any CPU.Build.0 = Release|Any CPU
		{F81F9DAF-C73B-4AE7-A2BF-28D20C3D8871}.Debug|Any CPU.ActiveCfg = Debug|Any CPU
		{F81F9DAF-C73B-4AE7-A2BF-28D20C3D8871}.Debug|Any CPU.Build.0 = Debug|Any CPU
		{F81F9DAF-C73B-4AE7-A2BF-28D20C3D8871}.Release|Any CPU.ActiveCfg = Release|Any CPU
		{F81F9DAF-C73B-4AE7-A2BF-28D20C3D8871}.Release|Any CPU.Build.0 = Release|Any CPU
		{5DC7CF92-646E-4F85-86AB-17E205B123BA}.Debug|Any CPU.ActiveCfg = Debug|Any CPU
		{5DC7CF92-646E-4F85-86AB-17E205B123BA}.Debug|Any CPU.Build.0 = Debug|Any CPU
		{5DC7CF92-646E-4F85-86AB-17E205B123BA}.Release|Any CPU.ActiveCfg = Release|Any CPU
		{5DC7CF92-646E-4F85-86AB-17E205B123BA}.Release|Any CPU.Build.0 = Release|Any CPU
		{1F41A977-09C5-4597-BEC5-E625BED26B94}.Debug|Any CPU.ActiveCfg = Debug|Any CPU
		{1F41A977-09C5-4597-BEC5-E625BED26B94}.Debug|Any CPU.Build.0 = Debug|Any CPU
		{1F41A977-09C5-4597-BEC5-E625BED26B94}.Release|Any CPU.ActiveCfg = Release|Any CPU
		{1F41A977-09C5-4597-BEC5-E625BED26B94}.Release|Any CPU.Build.0 = Release|Any CPU
		{BCFC1F7B-6161-4CC6-9889-395450427A86}.Debug|Any CPU.ActiveCfg = Debug|Any CPU
		{BCFC1F7B-6161-4CC6-9889-395450427A86}.Debug|Any CPU.Build.0 = Debug|Any CPU
		{BCFC1F7B-6161-4CC6-9889-395450427A86}.Release|Any CPU.ActiveCfg = Release|Any CPU
		{BCFC1F7B-6161-4CC6-9889-395450427A86}.Release|Any CPU.Build.0 = Release|Any CPU
		{73AD285C-8DB8-4631-AA82-58B91F8A4612}.Debug|Any CPU.ActiveCfg = Debug|Any CPU
		{73AD285C-8DB8-4631-AA82-58B91F8A4612}.Debug|Any CPU.Build.0 = Debug|Any CPU
		{73AD285C-8DB8-4631-AA82-58B91F8A4612}.Release|Any CPU.ActiveCfg = Release|Any CPU
		{73AD285C-8DB8-4631-AA82-58B91F8A4612}.Release|Any CPU.Build.0 = Release|Any CPU
	EndGlobalSection
	GlobalSection(SolutionProperties) = preSolution
		HideSolutionNode = FALSE
	EndGlobalSection
	GlobalSection(NestedProjects) = preSolution
		{E20C0EDE-47FE-4ADC-BD53-61ECC7EC90DB} = {744DD338-4F47-42CD-A846-8855961354BC}
		{F81F9DAF-C73B-4AE7-A2BF-28D20C3D8871} = {A8CE38B0-F81E-414F-85A2-03D0A4F1CBD9}
		{5DC7CF92-646E-4F85-86AB-17E205B123BA} = {744DD338-4F47-42CD-A846-8855961354BC}
		{744DD338-4F47-42CD-A846-8855961354BC} = {17243635-4EF9-49C6-A892-1373E7027352}
		{1F41A977-09C5-4597-BEC5-E625BED26B94} = {40DA8215-8AC6-4C50-90A9-55B6D2799C6B}
		{BCFC1F7B-6161-4CC6-9889-395450427A86} = {40DA8215-8AC6-4C50-90A9-55B6D2799C6B}
		{C2C4E9F8-E0FF-4087-9ACA-67F73D73AEFC} = {17243635-4EF9-49C6-A892-1373E7027352}
		{73AD285C-8DB8-4631-AA82-58B91F8A4612} = {40DA8215-8AC6-4C50-90A9-55B6D2799C6B}
	EndGlobalSection
	GlobalSection(ExtensibilityGlobals) = postSolution
		SolutionGuid = {BE1C7CBD-A246-4434-9412-46E7A416FCAE}
	EndGlobalSection
EndGlobal
