
Microsoft Visual Studio Solution File, Format Version 12.00
# Visual Studio Version 17
VisualStudioVersion = 17.5.33516.290
MinimumVisualStudioVersion = 10.0.40219.1
Project("{9A19103F-16F7-4668-BE54-9A1E7A4F7556}") = "bus", "libs\bus\bus\bus.csproj", "{E20C0EDE-47FE-4ADC-BD53-61ECC7EC90DB}"
EndProject
Project("{2150E333-8FDC-42A3-9474-1A3956D46DE8}") = "servers", "servers", "{A8CE38B0-F81E-414F-85A2-03D0A4F1CBD9}"
EndProject
Project("{2150E333-8FDC-42A3-9474-1A3956D46DE8}") = "libs", "libs", "{17243635-4EF9-49C6-A892-1373E7027352}"
EndProject
Project("{9A19103F-16F7-4668-BE54-9A1E7A4F7556}") = "admin-server", "servers\admin-server\admin-server.csproj", "{F81F9DAF-C73B-4AE7-A2BF-28D20C3D8871}"
EndProject
Project("{9A19103F-16F7-4668-BE54-9A1E7A4F7556}") = "bus-kafka", "libs\bus\bus-kafka\bus-kafka.csproj", "{5DC7CF92-646E-4F85-86AB-17E205B123BA}"
EndProject
Project("{2150E333-8FDC-42A3-9474-1A3956D46DE8}") = "bus", "bus", "{744DD338-4F47-42CD-A846-8855961354BC}"
EndProject
Project("{2150E333-8FDC-42A3-9474-1A3956D46DE8}") = "gateways", "gateways", "{40DA8215-8AC6-4C50-90A9-55B6D2799C6B}"
EndProject
Project("{9A19103F-16F7-4668-BE54-9A1E7A4F7556}") = "rest-gateway", "gateways\rest-gateway\rest-gateway.csproj", "{1F41A977-09C5-4597-BEC5-E625BED26B94}"
EndProject
Project("{9A19103F-16F7-4668-BE54-9A1E7A4F7556}") = "fix-gateway", "gateways\fix-gateway\fix-gateway.csproj", "{BCFC1F7B-6161-4CC6-9889-395450427A86}"
EndProject
Project("{2150E333-8FDC-42A3-9474-1A3956D46DE8}") = "common", "common", "{C2C4E9F8-E0FF-4087-9ACA-67F73D73AEFC}"
EndProject
Project("{9A19103F-16F7-4668-BE54-9A1E7A4F7556}") = "websocket-gateway", "gateways\websocket-gateway\websocket-gateway.csproj", "{73AD285C-8DB8-4631-AA82-58B91F8A4612}"
EndProject
Project("{9A19103F-16F7-4668-BE54-9A1E7A4F7556}") = "common", "libs\common\common\common.csproj", "{A96421FD-4268-4824-AD88-7021B75C009B}"
EndProject
Project("{9A19103F-16F7-4668-BE54-9A1E7A4F7556}") = "audit-server", "servers\audit-server\audit-server.csproj", "{EA9EE77A-C519-4959-ACB1-89B0FDE80D11}"
EndProject
Project("{2150E333-8FDC-42A3-9474-1A3956D46DE8}") = "gui", "gui", "{E4788E61-5D88-4C84-B5C8-B8F78C0CDBD0}"
EndProject
Project("{9A19103F-16F7-4668-BE54-9A1E7A4F7556}") = "grpc-gateway", "gateways\grpc-gateway\grpc-gateway.csproj", "{27E38F28-3FA4-419A-8BF1-DC5BEA786CFD}"
EndProject
Project("{9A19103F-16F7-4668-BE54-9A1E7A4F7556}") = "maui-app", "gui\maui-app\maui-app.csproj", "{3F245D2D-D719-4592-B03C-BB7D3366CFCF}"
EndProject
Project("{2150E333-8FDC-42A3-9474-1A3956D46DE8}") = "maui", "maui", "{FDA66BD4-F926-4FC8-93DC-0B82F902CF33}"
EndProject
Global
	GlobalSection(SolutionConfigurationPlatforms) = preSolution
		Debug|Any CPU = Debug|Any CPU
		Debug|ARM64 = Debug|ARM64
		Debug|x64 = Debug|x64
		Debug|x86 = Debug|x86
		Release|Any CPU = Release|Any CPU
		Release|ARM64 = Release|ARM64
		Release|x64 = Release|x64
		Release|x86 = Release|x86
	EndGlobalSection
	GlobalSection(ProjectConfigurationPlatforms) = postSolution
		{E20C0EDE-47FE-4ADC-BD53-61ECC7EC90DB}.Debug|Any CPU.ActiveCfg = Debug|Any CPU
		{E20C0EDE-47FE-4ADC-BD53-61ECC7EC90DB}.Debug|Any CPU.Build.0 = Debug|Any CPU
		{E20C0EDE-47FE-4ADC-BD53-61ECC7EC90DB}.Debug|ARM64.ActiveCfg = Debug|Any CPU
		{E20C0EDE-47FE-4ADC-BD53-61ECC7EC90DB}.Debug|ARM64.Build.0 = Debug|Any CPU
		{E20C0EDE-47FE-4ADC-BD53-61ECC7EC90DB}.Debug|x64.ActiveCfg = Debug|Any CPU
		{E20C0EDE-47FE-4ADC-BD53-61ECC7EC90DB}.Debug|x64.Build.0 = Debug|Any CPU
		{E20C0EDE-47FE-4ADC-BD53-61ECC7EC90DB}.Debug|x86.ActiveCfg = Debug|Any CPU
		{E20C0EDE-47FE-4ADC-BD53-61ECC7EC90DB}.Debug|x86.Build.0 = Debug|Any CPU
		{E20C0EDE-47FE-4ADC-BD53-61ECC7EC90DB}.Release|Any CPU.ActiveCfg = Release|Any CPU
		{E20C0EDE-47FE-4ADC-BD53-61ECC7EC90DB}.Release|Any CPU.Build.0 = Release|Any CPU
		{E20C0EDE-47FE-4ADC-BD53-61ECC7EC90DB}.Release|ARM64.ActiveCfg = Release|Any CPU
		{E20C0EDE-47FE-4ADC-BD53-61ECC7EC90DB}.Release|ARM64.Build.0 = Release|Any CPU
		{E20C0EDE-47FE-4ADC-BD53-61ECC7EC90DB}.Release|x64.ActiveCfg = Release|Any CPU
		{E20C0EDE-47FE-4ADC-BD53-61ECC7EC90DB}.Release|x64.Build.0 = Release|Any CPU
		{E20C0EDE-47FE-4ADC-BD53-61ECC7EC90DB}.Release|x86.ActiveCfg = Release|Any CPU
		{E20C0EDE-47FE-4ADC-BD53-61ECC7EC90DB}.Release|x86.Build.0 = Release|Any CPU
		{F81F9DAF-C73B-4AE7-A2BF-28D20C3D8871}.Debug|Any CPU.ActiveCfg = Debug|Any CPU
		{F81F9DAF-C73B-4AE7-A2BF-28D20C3D8871}.Debug|Any CPU.Build.0 = Debug|Any CPU
		{F81F9DAF-C73B-4AE7-A2BF-28D20C3D8871}.Debug|ARM64.ActiveCfg = Debug|Any CPU
		{F81F9DAF-C73B-4AE7-A2BF-28D20C3D8871}.Debug|ARM64.Build.0 = Debug|Any CPU
		{F81F9DAF-C73B-4AE7-A2BF-28D20C3D8871}.Debug|x64.ActiveCfg = Debug|Any CPU
		{F81F9DAF-C73B-4AE7-A2BF-28D20C3D8871}.Debug|x64.Build.0 = Debug|Any CPU
		{F81F9DAF-C73B-4AE7-A2BF-28D20C3D8871}.Debug|x86.ActiveCfg = Debug|Any CPU
		{F81F9DAF-C73B-4AE7-A2BF-28D20C3D8871}.Debug|x86.Build.0 = Debug|Any CPU
		{F81F9DAF-C73B-4AE7-A2BF-28D20C3D8871}.Release|Any CPU.ActiveCfg = Release|Any CPU
		{F81F9DAF-C73B-4AE7-A2BF-28D20C3D8871}.Release|Any CPU.Build.0 = Release|Any CPU
		{F81F9DAF-C73B-4AE7-A2BF-28D20C3D8871}.Release|ARM64.ActiveCfg = Release|Any CPU
		{F81F9DAF-C73B-4AE7-A2BF-28D20C3D8871}.Release|ARM64.Build.0 = Release|Any CPU
		{F81F9DAF-C73B-4AE7-A2BF-28D20C3D8871}.Release|x64.ActiveCfg = Release|Any CPU
		{F81F9DAF-C73B-4AE7-A2BF-28D20C3D8871}.Release|x64.Build.0 = Release|Any CPU
		{F81F9DAF-C73B-4AE7-A2BF-28D20C3D8871}.Release|x86.ActiveCfg = Release|Any CPU
		{F81F9DAF-C73B-4AE7-A2BF-28D20C3D8871}.Release|x86.Build.0 = Release|Any CPU
		{5DC7CF92-646E-4F85-86AB-17E205B123BA}.Debug|Any CPU.ActiveCfg = Debug|Any CPU
		{5DC7CF92-646E-4F85-86AB-17E205B123BA}.Debug|Any CPU.Build.0 = Debug|Any CPU
		{5DC7CF92-646E-4F85-86AB-17E205B123BA}.Debug|ARM64.ActiveCfg = Debug|Any CPU
		{5DC7CF92-646E-4F85-86AB-17E205B123BA}.Debug|ARM64.Build.0 = Debug|Any CPU
		{5DC7CF92-646E-4F85-86AB-17E205B123BA}.Debug|x64.ActiveCfg = Debug|Any CPU
		{5DC7CF92-646E-4F85-86AB-17E205B123BA}.Debug|x64.Build.0 = Debug|Any CPU
		{5DC7CF92-646E-4F85-86AB-17E205B123BA}.Debug|x86.ActiveCfg = Debug|Any CPU
		{5DC7CF92-646E-4F85-86AB-17E205B123BA}.Debug|x86.Build.0 = Debug|Any CPU
		{5DC7CF92-646E-4F85-86AB-17E205B123BA}.Release|Any CPU.ActiveCfg = Release|Any CPU
		{5DC7CF92-646E-4F85-86AB-17E205B123BA}.Release|Any CPU.Build.0 = Release|Any CPU
		{5DC7CF92-646E-4F85-86AB-17E205B123BA}.Release|ARM64.ActiveCfg = Release|Any CPU
		{5DC7CF92-646E-4F85-86AB-17E205B123BA}.Release|ARM64.Build.0 = Release|Any CPU
		{5DC7CF92-646E-4F85-86AB-17E205B123BA}.Release|x64.ActiveCfg = Release|Any CPU
		{5DC7CF92-646E-4F85-86AB-17E205B123BA}.Release|x64.Build.0 = Release|Any CPU
		{5DC7CF92-646E-4F85-86AB-17E205B123BA}.Release|x86.ActiveCfg = Release|Any CPU
		{5DC7CF92-646E-4F85-86AB-17E205B123BA}.Release|x86.Build.0 = Release|Any CPU
		{1F41A977-09C5-4597-BEC5-E625BED26B94}.Debug|Any CPU.ActiveCfg = Debug|Any CPU
		{1F41A977-09C5-4597-BEC5-E625BED26B94}.Debug|Any CPU.Build.0 = Debug|Any CPU
		{1F41A977-09C5-4597-BEC5-E625BED26B94}.Debug|ARM64.ActiveCfg = Debug|Any CPU
		{1F41A977-09C5-4597-BEC5-E625BED26B94}.Debug|ARM64.Build.0 = Debug|Any CPU
		{1F41A977-09C5-4597-BEC5-E625BED26B94}.Debug|x64.ActiveCfg = Debug|Any CPU
		{1F41A977-09C5-4597-BEC5-E625BED26B94}.Debug|x64.Build.0 = Debug|Any CPU
		{1F41A977-09C5-4597-BEC5-E625BED26B94}.Debug|x86.ActiveCfg = Debug|Any CPU
		{1F41A977-09C5-4597-BEC5-E625BED26B94}.Debug|x86.Build.0 = Debug|Any CPU
		{1F41A977-09C5-4597-BEC5-E625BED26B94}.Release|Any CPU.ActiveCfg = Release|Any CPU
		{1F41A977-09C5-4597-BEC5-E625BED26B94}.Release|Any CPU.Build.0 = Release|Any CPU
		{1F41A977-09C5-4597-BEC5-E625BED26B94}.Release|ARM64.ActiveCfg = Release|Any CPU
		{1F41A977-09C5-4597-BEC5-E625BED26B94}.Release|ARM64.Build.0 = Release|Any CPU
		{1F41A977-09C5-4597-BEC5-E625BED26B94}.Release|x64.ActiveCfg = Release|Any CPU
		{1F41A977-09C5-4597-BEC5-E625BED26B94}.Release|x64.Build.0 = Release|Any CPU
		{1F41A977-09C5-4597-BEC5-E625BED26B94}.Release|x86.ActiveCfg = Release|Any CPU
		{1F41A977-09C5-4597-BEC5-E625BED26B94}.Release|x86.Build.0 = Release|Any CPU
		{BCFC1F7B-6161-4CC6-9889-395450427A86}.Debug|Any CPU.ActiveCfg = Debug|Any CPU
		{BCFC1F7B-6161-4CC6-9889-395450427A86}.Debug|Any CPU.Build.0 = Debug|Any CPU
		{BCFC1F7B-6161-4CC6-9889-395450427A86}.Debug|ARM64.ActiveCfg = Debug|Any CPU
		{BCFC1F7B-6161-4CC6-9889-395450427A86}.Debug|ARM64.Build.0 = Debug|Any CPU
		{BCFC1F7B-6161-4CC6-9889-395450427A86}.Debug|x64.ActiveCfg = Debug|Any CPU
		{BCFC1F7B-6161-4CC6-9889-395450427A86}.Debug|x64.Build.0 = Debug|Any CPU
		{BCFC1F7B-6161-4CC6-9889-395450427A86}.Debug|x86.ActiveCfg = Debug|Any CPU
		{BCFC1F7B-6161-4CC6-9889-395450427A86}.Debug|x86.Build.0 = Debug|Any CPU
		{BCFC1F7B-6161-4CC6-9889-395450427A86}.Release|Any CPU.ActiveCfg = Release|Any CPU
		{BCFC1F7B-6161-4CC6-9889-395450427A86}.Release|Any CPU.Build.0 = Release|Any CPU
		{BCFC1F7B-6161-4CC6-9889-395450427A86}.Release|ARM64.ActiveCfg = Release|Any CPU
		{BCFC1F7B-6161-4CC6-9889-395450427A86}.Release|ARM64.Build.0 = Release|Any CPU
		{BCFC1F7B-6161-4CC6-9889-395450427A86}.Release|x64.ActiveCfg = Release|Any CPU
		{BCFC1F7B-6161-4CC6-9889-395450427A86}.Release|x64.Build.0 = Release|Any CPU
		{BCFC1F7B-6161-4CC6-9889-395450427A86}.Release|x86.ActiveCfg = Release|Any CPU
		{BCFC1F7B-6161-4CC6-9889-395450427A86}.Release|x86.Build.0 = Release|Any CPU
		{73AD285C-8DB8-4631-AA82-58B91F8A4612}.Debug|Any CPU.ActiveCfg = Debug|Any CPU
		{73AD285C-8DB8-4631-AA82-58B91F8A4612}.Debug|Any CPU.Build.0 = Debug|Any CPU
		{73AD285C-8DB8-4631-AA82-58B91F8A4612}.Debug|ARM64.ActiveCfg = Debug|Any CPU
		{73AD285C-8DB8-4631-AA82-58B91F8A4612}.Debug|ARM64.Build.0 = Debug|Any CPU
		{73AD285C-8DB8-4631-AA82-58B91F8A4612}.Debug|x64.ActiveCfg = Debug|Any CPU
		{73AD285C-8DB8-4631-AA82-58B91F8A4612}.Debug|x64.Build.0 = Debug|Any CPU
		{73AD285C-8DB8-4631-AA82-58B91F8A4612}.Debug|x86.ActiveCfg = Debug|Any CPU
		{73AD285C-8DB8-4631-AA82-58B91F8A4612}.Debug|x86.Build.0 = Debug|Any CPU
		{73AD285C-8DB8-4631-AA82-58B91F8A4612}.Release|Any CPU.ActiveCfg = Release|Any CPU
		{73AD285C-8DB8-4631-AA82-58B91F8A4612}.Release|Any CPU.Build.0 = Release|Any CPU
		{73AD285C-8DB8-4631-AA82-58B91F8A4612}.Release|ARM64.ActiveCfg = Release|Any CPU
		{73AD285C-8DB8-4631-AA82-58B91F8A4612}.Release|ARM64.Build.0 = Release|Any CPU
		{73AD285C-8DB8-4631-AA82-58B91F8A4612}.Release|x64.ActiveCfg = Release|Any CPU
		{73AD285C-8DB8-4631-AA82-58B91F8A4612}.Release|x64.Build.0 = Release|Any CPU
		{73AD285C-8DB8-4631-AA82-58B91F8A4612}.Release|x86.ActiveCfg = Release|Any CPU
		{73AD285C-8DB8-4631-AA82-58B91F8A4612}.Release|x86.Build.0 = Release|Any CPU
		{A96421FD-4268-4824-AD88-7021B75C009B}.Debug|Any CPU.ActiveCfg = Debug|Any CPU
		{A96421FD-4268-4824-AD88-7021B75C009B}.Debug|Any CPU.Build.0 = Debug|Any CPU
		{A96421FD-4268-4824-AD88-7021B75C009B}.Debug|ARM64.ActiveCfg = Debug|Any CPU
		{A96421FD-4268-4824-AD88-7021B75C009B}.Debug|ARM64.Build.0 = Debug|Any CPU
		{A96421FD-4268-4824-AD88-7021B75C009B}.Debug|x64.ActiveCfg = Debug|Any CPU
		{A96421FD-4268-4824-AD88-7021B75C009B}.Debug|x64.Build.0 = Debug|Any CPU
		{A96421FD-4268-4824-AD88-7021B75C009B}.Debug|x86.ActiveCfg = Debug|Any CPU
		{A96421FD-4268-4824-AD88-7021B75C009B}.Debug|x86.Build.0 = Debug|Any CPU
		{A96421FD-4268-4824-AD88-7021B75C009B}.Release|Any CPU.ActiveCfg = Release|Any CPU
		{A96421FD-4268-4824-AD88-7021B75C009B}.Release|Any CPU.Build.0 = Release|Any CPU
		{A96421FD-4268-4824-AD88-7021B75C009B}.Release|ARM64.ActiveCfg = Release|Any CPU
		{A96421FD-4268-4824-AD88-7021B75C009B}.Release|ARM64.Build.0 = Release|Any CPU
		{A96421FD-4268-4824-AD88-7021B75C009B}.Release|x64.ActiveCfg = Release|Any CPU
		{A96421FD-4268-4824-AD88-7021B75C009B}.Release|x64.Build.0 = Release|Any CPU
		{A96421FD-4268-4824-AD88-7021B75C009B}.Release|x86.ActiveCfg = Release|Any CPU
		{A96421FD-4268-4824-AD88-7021B75C009B}.Release|x86.Build.0 = Release|Any CPU
		{EA9EE77A-C519-4959-ACB1-89B0FDE80D11}.Debug|Any CPU.ActiveCfg = Debug|Any CPU
		{EA9EE77A-C519-4959-ACB1-89B0FDE80D11}.Debug|Any CPU.Build.0 = Debug|Any CPU
		{EA9EE77A-C519-4959-ACB1-89B0FDE80D11}.Debug|ARM64.ActiveCfg = Debug|Any CPU
		{EA9EE77A-C519-4959-ACB1-89B0FDE80D11}.Debug|ARM64.Build.0 = Debug|Any CPU
		{EA9EE77A-C519-4959-ACB1-89B0FDE80D11}.Debug|x64.ActiveCfg = Debug|Any CPU
		{EA9EE77A-C519-4959-ACB1-89B0FDE80D11}.Debug|x64.Build.0 = Debug|Any CPU
		{EA9EE77A-C519-4959-ACB1-89B0FDE80D11}.Debug|x86.ActiveCfg = Debug|Any CPU
		{EA9EE77A-C519-4959-ACB1-89B0FDE80D11}.Debug|x86.Build.0 = Debug|Any CPU
		{EA9EE77A-C519-4959-ACB1-89B0FDE80D11}.Release|Any CPU.ActiveCfg = Release|Any CPU
		{EA9EE77A-C519-4959-ACB1-89B0FDE80D11}.Release|Any CPU.Build.0 = Release|Any CPU
		{EA9EE77A-C519-4959-ACB1-89B0FDE80D11}.Release|ARM64.ActiveCfg = Release|Any CPU
		{EA9EE77A-C519-4959-ACB1-89B0FDE80D11}.Release|ARM64.Build.0 = Release|Any CPU
		{EA9EE77A-C519-4959-ACB1-89B0FDE80D11}.Release|x64.ActiveCfg = Release|Any CPU
		{EA9EE77A-C519-4959-ACB1-89B0FDE80D11}.Release|x64.Build.0 = Release|Any CPU
		{EA9EE77A-C519-4959-ACB1-89B0FDE80D11}.Release|x86.ActiveCfg = Release|Any CPU
		{EA9EE77A-C519-4959-ACB1-89B0FDE80D11}.Release|x86.Build.0 = Release|Any CPU
		{27E38F28-3FA4-419A-8BF1-DC5BEA786CFD}.Debug|Any CPU.ActiveCfg = Debug|Any CPU
		{27E38F28-3FA4-419A-8BF1-DC5BEA786CFD}.Debug|Any CPU.Build.0 = Debug|Any CPU
		{27E38F28-3FA4-419A-8BF1-DC5BEA786CFD}.Debug|ARM64.ActiveCfg = Debug|Any CPU
		{27E38F28-3FA4-419A-8BF1-DC5BEA786CFD}.Debug|ARM64.Build.0 = Debug|Any CPU
		{27E38F28-3FA4-419A-8BF1-DC5BEA786CFD}.Debug|x64.ActiveCfg = Debug|Any CPU
		{27E38F28-3FA4-419A-8BF1-DC5BEA786CFD}.Debug|x64.Build.0 = Debug|Any CPU
		{27E38F28-3FA4-419A-8BF1-DC5BEA786CFD}.Debug|x86.ActiveCfg = Debug|Any CPU
		{27E38F28-3FA4-419A-8BF1-DC5BEA786CFD}.Debug|x86.Build.0 = Debug|Any CPU
		{27E38F28-3FA4-419A-8BF1-DC5BEA786CFD}.Release|Any CPU.ActiveCfg = Release|Any CPU
		{27E38F28-3FA4-419A-8BF1-DC5BEA786CFD}.Release|Any CPU.Build.0 = Release|Any CPU
		{27E38F28-3FA4-419A-8BF1-DC5BEA786CFD}.Release|ARM64.ActiveCfg = Release|Any CPU
		{27E38F28-3FA4-419A-8BF1-DC5BEA786CFD}.Release|ARM64.Build.0 = Release|Any CPU
		{27E38F28-3FA4-419A-8BF1-DC5BEA786CFD}.Release|x64.ActiveCfg = Release|Any CPU
		{27E38F28-3FA4-419A-8BF1-DC5BEA786CFD}.Release|x64.Build.0 = Release|Any CPU
		{27E38F28-3FA4-419A-8BF1-DC5BEA786CFD}.Release|x86.ActiveCfg = Release|Any CPU
		{27E38F28-3FA4-419A-8BF1-DC5BEA786CFD}.Release|x86.Build.0 = Release|Any CPU
		{3F245D2D-D719-4592-B03C-BB7D3366CFCF}.Debug|Any CPU.ActiveCfg = Debug|Any CPU
		{3F245D2D-D719-4592-B03C-BB7D3366CFCF}.Debug|Any CPU.Build.0 = Debug|Any CPU
		{3F245D2D-D719-4592-B03C-BB7D3366CFCF}.Debug|Any CPU.Deploy.0 = Debug|Any CPU
		{3F245D2D-D719-4592-B03C-BB7D3366CFCF}.Debug|ARM64.ActiveCfg = Debug|Any CPU
		{3F245D2D-D719-4592-B03C-BB7D3366CFCF}.Debug|ARM64.Build.0 = Debug|Any CPU
		{3F245D2D-D719-4592-B03C-BB7D3366CFCF}.Debug|ARM64.Deploy.0 = Debug|Any CPU
		{3F245D2D-D719-4592-B03C-BB7D3366CFCF}.Debug|x64.ActiveCfg = Debug|Any CPU
		{3F245D2D-D719-4592-B03C-BB7D3366CFCF}.Debug|x64.Build.0 = Debug|Any CPU
		{3F245D2D-D719-4592-B03C-BB7D3366CFCF}.Debug|x64.Deploy.0 = Debug|Any CPU
		{3F245D2D-D719-4592-B03C-BB7D3366CFCF}.Debug|x86.ActiveCfg = Debug|Any CPU
		{3F245D2D-D719-4592-B03C-BB7D3366CFCF}.Debug|x86.Build.0 = Debug|Any CPU
		{3F245D2D-D719-4592-B03C-BB7D3366CFCF}.Debug|x86.Deploy.0 = Debug|Any CPU
		{3F245D2D-D719-4592-B03C-BB7D3366CFCF}.Release|Any CPU.ActiveCfg = Release|Any CPU
		{3F245D2D-D719-4592-B03C-BB7D3366CFCF}.Release|Any CPU.Build.0 = Release|Any CPU
		{3F245D2D-D719-4592-B03C-BB7D3366CFCF}.Release|Any CPU.Deploy.0 = Release|Any CPU
		{3F245D2D-D719-4592-B03C-BB7D3366CFCF}.Release|ARM64.ActiveCfg = Release|Any CPU
		{3F245D2D-D719-4592-B03C-BB7D3366CFCF}.Release|ARM64.Build.0 = Release|Any CPU
		{3F245D2D-D719-4592-B03C-BB7D3366CFCF}.Release|ARM64.Deploy.0 = Release|Any CPU
		{3F245D2D-D719-4592-B03C-BB7D3366CFCF}.Release|x64.ActiveCfg = Release|Any CPU
		{3F245D2D-D719-4592-B03C-BB7D3366CFCF}.Release|x64.Build.0 = Release|Any CPU
		{3F245D2D-D719-4592-B03C-BB7D3366CFCF}.Release|x64.Deploy.0 = Release|Any CPU
		{3F245D2D-D719-4592-B03C-BB7D3366CFCF}.Release|x86.ActiveCfg = Release|Any CPU
		{3F245D2D-D719-4592-B03C-BB7D3366CFCF}.Release|x86.Build.0 = Release|Any CPU
		{3F245D2D-D719-4592-B03C-BB7D3366CFCF}.Release|x86.Deploy.0 = Release|Any CPU
	EndGlobalSection
	GlobalSection(SolutionProperties) = preSolution
		HideSolutionNode = FALSE
	EndGlobalSection
	GlobalSection(NestedProjects) = preSolution
		{E20C0EDE-47FE-4ADC-BD53-61ECC7EC90DB} = {744DD338-4F47-42CD-A846-8855961354BC}
		{F81F9DAF-C73B-4AE7-A2BF-28D20C3D8871} = {A8CE38B0-F81E-414F-85A2-03D0A4F1CBD9}
		{5DC7CF92-646E-4F85-86AB-17E205B123BA} = {744DD338-4F47-42CD-A846-8855961354BC}
		{744DD338-4F47-42CD-A846-8855961354BC} = {17243635-4EF9-49C6-A892-1373E7027352}
		{1F41A977-09C5-4597-BEC5-E625BED26B94} = {40DA8215-8AC6-4C50-90A9-55B6D2799C6B}
		{BCFC1F7B-6161-4CC6-9889-395450427A86} = {40DA8215-8AC6-4C50-90A9-55B6D2799C6B}
		{C2C4E9F8-E0FF-4087-9ACA-67F73D73AEFC} = {17243635-4EF9-49C6-A892-1373E7027352}
		{73AD285C-8DB8-4631-AA82-58B91F8A4612} = {40DA8215-8AC6-4C50-90A9-55B6D2799C6B}
		{A96421FD-4268-4824-AD88-7021B75C009B} = {C2C4E9F8-E0FF-4087-9ACA-67F73D73AEFC}
		{EA9EE77A-C519-4959-ACB1-89B0FDE80D11} = {A8CE38B0-F81E-414F-85A2-03D0A4F1CBD9}
		{27E38F28-3FA4-419A-8BF1-DC5BEA786CFD} = {40DA8215-8AC6-4C50-90A9-55B6D2799C6B}
		{3F245D2D-D719-4592-B03C-BB7D3366CFCF} = {FDA66BD4-F926-4FC8-93DC-0B82F902CF33}
		{FDA66BD4-F926-4FC8-93DC-0B82F902CF33} = {E4788E61-5D88-4C84-B5C8-B8F78C0CDBD0}
	EndGlobalSection
	GlobalSection(ExtensibilityGlobals) = postSolution
		SolutionGuid = {BE1C7CBD-A246-4434-9412-46E7A416FCAE}
	EndGlobalSection
EndGlobal
